
Microsoft Visual Studio Solution File, Format Version 12.00
# Visual Studio Version 17
VisualStudioVersion = 17.5.002.0
MinimumVisualStudioVersion = 10.0.40219.1
Project("{9A19103F-16F7-4668-BE54-9A1E7A4F7556}") = "DesafioProjetoHospedagem", "DesafioProjetoHospedagem.csproj", "{C54FE493-D1B6-4C8A-AB3B-DC5E4FC5F7BF}"
EndProject
Global
	GlobalSection(SolutionConfigurationPlatforms) = preSolution
		Debug|Any CPU = Debug|Any CPU
		Release|Any CPU = Release|Any CPU
	EndGlobalSection
	GlobalSection(ProjectConfigurationPlatforms) = postSolution
		{C54FE493-D1B6-4C8A-AB3B-DC5E4FC5F7BF}.Debug|Any CPU.ActiveCfg = Debug|Any CPU
		{C54FE493-D1B6-4C8A-AB3B-DC5E4FC5F7BF}.Debug|Any CPU.Build.0 = Debug|Any CPU
		{C54FE493-D1B6-4C8A-AB3B-DC5E4FC5F7BF}.Release|Any CPU.ActiveCfg = Release|Any CPU
		{C54FE493-D1B6-4C8A-AB3B-DC5E4FC5F7BF}.Release|Any CPU.Build.0 = Release|Any CPU
	EndGlobalSection
	GlobalSection(SolutionProperties) = preSolution
		HideSolutionNode = FALSE
	EndGlobalSection
	GlobalSection(ExtensibilityGlobals) = postSolution
		SolutionGuid = {A4E6989F-2517-4CD0-B324-F37F4DE514BD}
	EndGlobalSection
EndGlobal
